
Microsoft Visual Studio Solution File, Format Version 12.00
# Visual Studio Version 16
VisualStudioVersion = 16.0.30611.23
MinimumVisualStudioVersion = 15.0.26124.0
Project("{FAE04EC0-301F-11D3-BF4B-00C04F79EFBC}") = "KANEC.Objects", "Objects/KANEC.Objects.csproj", "9bdb189f-8508-436d-aa6d-00a349de7978"
EndProject
Project("{FAE04EC0-301F-11D3-BF4B-00C04F79EFBC}") = "KANEC.Tests", "Tests/KANEC.Tests.csproj", "6a8c1ad4-dfe1-4928-8241-be0c26d390fc"
EndProject
Project("{FAE04EC0-301F-11D3-BF4B-00C04F79EFBC}") = "KANEC.ODataBackend", "ODataBackend/KANEC.ODataBackend.csproj", "a0055df0-e979-4837-a201-56bf000923a6"
EndProject
Project("{FAE04EC0-301F-11D3-BF4B-00C04F79EFBC}") = "KANEC.IntegrationTests", "IntegrationTests/KANEC.IntegrationTests.csproj", "3bffc05b-a6c6-46f3-b6d6-73a6a6dea0fd"
EndProject
Global
	GlobalSection(SolutionConfigurationPlatforms) = preSolution
Debug|Any CPU = Debug|Any CPU
Release|Any CPU = Release|Any CPU
	EndGlobalSection
	GlobalSection(ProjectConfigurationPlatforms) = postSolution
		9bdb189f-8508-436d-aa6d-00a349de7978.Debug|Any CPU.ActiveCfg = Debug|Any CPU
		9bdb189f-8508-436d-aa6d-00a349de7978.Debug|Any CPU.Build.0 = Debug|Any CPU
		9bdb189f-8508-436d-aa6d-00a349de7978.Release|Any CPU.ActiveCfg = Release|Any CPU
		9bdb189f-8508-436d-aa6d-00a349de7978.Release|Any CPU.Build.0 = Release|Any CPU
		6a8c1ad4-dfe1-4928-8241-be0c26d390fc.Debug|Any CPU.ActiveCfg = Debug|Any CPU
		6a8c1ad4-dfe1-4928-8241-be0c26d390fc.Debug|Any CPU.Build.0 = Debug|Any CPU
		6a8c1ad4-dfe1-4928-8241-be0c26d390fc.Release|Any CPU.ActiveCfg = Release|Any CPU
		6a8c1ad4-dfe1-4928-8241-be0c26d390fc.Release|Any CPU.Build.0 = Release|Any CPU
		a0055df0-e979-4837-a201-56bf000923a6.Debug|Any CPU.ActiveCfg = Debug|Any CPU
		a0055df0-e979-4837-a201-56bf000923a6.Debug|Any CPU.Build.0 = Debug|Any CPU
		a0055df0-e979-4837-a201-56bf000923a6.Release|Any CPU.ActiveCfg = Release|Any CPU
		a0055df0-e979-4837-a201-56bf000923a6.Release|Any CPU.Build.0 = Release|Any CPU
		3bffc05b-a6c6-46f3-b6d6-73a6a6dea0fd.Debug|Any CPU.ActiveCfg = Debug|Any CPU
		3bffc05b-a6c6-46f3-b6d6-73a6a6dea0fd.Debug|Any CPU.Build.0 = Debug|Any CPU
		3bffc05b-a6c6-46f3-b6d6-73a6a6dea0fd.Release|Any CPU.ActiveCfg = Release|Any CPU
		3bffc05b-a6c6-46f3-b6d6-73a6a6dea0fd.Release|Any CPU.Build.0 = Release|Any CPU
	EndGlobalSection
	GlobalSection(SolutionProperties) = preSolution
		HideSolutionNode = FALSE
	EndGlobalSection
EndGlobal
